
Microsoft Visual Studio Solution File, Format Version 12.00
# Visual Studio Version 17
VisualStudioVersion = 17.0.31903.59
MinimumVisualStudioVersion = 10.0.40219.1
Project("{9A19103F-16F7-4668-BE54-9A1E7A4F7556}") = "Client", "Client\Client.csproj", "{B1964330-5F2D-4C6D-BE95-0E342C498562}"
EndProject
Project("{9A19103F-16F7-4668-BE54-9A1E7A4F7556}") = "Server", "Server\Server.csproj", "{5035E2B4-8786-4A4B-A006-39770573692A}"
EndProject
Project("{9A19103F-16F7-4668-BE54-9A1E7A4F7556}") = "Shared", "Shared\Shared.csproj", "{695FC68D-817A-4FCF-9FCC-11CF16A81F9C}"
EndProject
Project("{2150E333-8FDC-42A3-9474-1A3956D46DE8}") = "Solution Items", "Solution Items", "{F7F3D341-79A4-44FA-9259-DDCDABA4CBDE}"
	ProjectSection(SolutionItems) = preProject
		.editorconfig = .editorconfig
	EndProjectSection
EndProject
Global
	GlobalSection(SolutionConfigurationPlatforms) = preSolution
		Debug|Any CPU = Debug|Any CPU
		Release|Any CPU = Release|Any CPU
	EndGlobalSection
	GlobalSection(ProjectConfigurationPlatforms) = postSolution
		{B1964330-5F2D-4C6D-BE95-0E342C498562}.Debug|Any CPU.ActiveCfg = Debug|Any CPU
		{B1964330-5F2D-4C6D-BE95-0E342C498562}.Debug|Any CPU.Build.0 = Debug|Any CPU
		{B1964330-5F2D-4C6D-BE95-0E342C498562}.Release|Any CPU.ActiveCfg = Release|Any CPU
		{B1964330-5F2D-4C6D-BE95-0E342C498562}.Release|Any CPU.Build.0 = Release|Any CPU
		{5035E2B4-8786-4A4B-A006-39770573692A}.Debug|Any CPU.ActiveCfg = Debug|Any CPU
		{5035E2B4-8786-4A4B-A006-39770573692A}.Debug|Any CPU.Build.0 = Debug|Any CPU
		{5035E2B4-8786-4A4B-A006-39770573692A}.Release|Any CPU.ActiveCfg = Release|Any CPU
		{5035E2B4-8786-4A4B-A006-39770573692A}.Release|Any CPU.Build.0 = Release|Any CPU
		{695FC68D-817A-4FCF-9FCC-11CF16A81F9C}.Debug|Any CPU.ActiveCfg = Debug|Any CPU
		{695FC68D-817A-4FCF-9FCC-11CF16A81F9C}.Debug|Any CPU.Build.0 = Debug|Any CPU
		{695FC68D-817A-4FCF-9FCC-11CF16A81F9C}.Release|Any CPU.ActiveCfg = Release|Any CPU
		{695FC68D-817A-4FCF-9FCC-11CF16A81F9C}.Release|Any CPU.Build.0 = Release|Any CPU
	EndGlobalSection
	GlobalSection(SolutionProperties) = preSolution
		HideSolutionNode = FALSE
	EndGlobalSection
	GlobalSection(ExtensibilityGlobals) = postSolution
		SolutionGuid = {221DA78A-6287-430A-BDB8-F3CE6CA5B924}
	EndGlobalSection
EndGlobal
